
Microsoft Visual Studio Solution File, Format Version 12.00
# Visual Studio Version 17
VisualStudioVersion = 17.3.32819.101
MinimumVisualStudioVersion = 10.0.40219.1
Project("{9A19103F-16F7-4668-BE54-9A1E7A4F7556}") = "Entidades", "Entidades\Entidades.csproj", "{9CEF85D0-8427-4E65-A08D-5D674F3F4B45}"
EndProject
Project("{9A19103F-16F7-4668-BE54-9A1E7A4F7556}") = "SistemaUTN", "SistemaUTN\SistemaUTN.csproj", "{96EA9175-7513-4E0B-B44A-524FC42F146C}"
EndProject
Global
	GlobalSection(SolutionConfigurationPlatforms) = preSolution
		Debug|Any CPU = Debug|Any CPU
		Release|Any CPU = Release|Any CPU
	EndGlobalSection
	GlobalSection(ProjectConfigurationPlatforms) = postSolution
		{9CEF85D0-8427-4E65-A08D-5D674F3F4B45}.Debug|Any CPU.ActiveCfg = Debug|Any CPU
		{9CEF85D0-8427-4E65-A08D-5D674F3F4B45}.Debug|Any CPU.Build.0 = Debug|Any CPU
		{9CEF85D0-8427-4E65-A08D-5D674F3F4B45}.Release|Any CPU.ActiveCfg = Release|Any CPU
		{9CEF85D0-8427-4E65-A08D-5D674F3F4B45}.Release|Any CPU.Build.0 = Release|Any CPU
		{96EA9175-7513-4E0B-B44A-524FC42F146C}.Debug|Any CPU.ActiveCfg = Debug|Any CPU
		{96EA9175-7513-4E0B-B44A-524FC42F146C}.Debug|Any CPU.Build.0 = Debug|Any CPU
		{96EA9175-7513-4E0B-B44A-524FC42F146C}.Release|Any CPU.ActiveCfg = Release|Any CPU
		{96EA9175-7513-4E0B-B44A-524FC42F146C}.Release|Any CPU.Build.0 = Release|Any CPU
	EndGlobalSection
	GlobalSection(SolutionProperties) = preSolution
		HideSolutionNode = FALSE
	EndGlobalSection
	GlobalSection(ExtensibilityGlobals) = postSolution
		SolutionGuid = {CC10DD60-C39E-4B1D-8367-CCE1018ACFE2}
	EndGlobalSection
EndGlobal
